# Generated by move; do not edit
# This file should be checked in.

[move]
version = 4

[pinned.mainnet.MoveStdlib]
source = { git = "https://github.com/MystenLabs/sui.git", subdir = "crates/sui-framework/packages/move-stdlib", rev = "a7e7b45a4ceeee819b07820e31ce6094cd0757d1" }
use_environment = "mainnet"
manifest_digest = "C4FE4C91DE74CBF223B2E380AE40F592177D21870DC2D7EB6227D2D694E05363"
deps = {}

[pinned.mainnet.Sui]
source = { git = "https://github.com/MystenLabs/sui.git", subdir = "crates/sui-framework/packages/sui-framework", rev = "a7e7b45a4ceeee819b07820e31ce6094cd0757d1" }
use_environment = "mainnet"
manifest_digest = "CD547CB1ACCE0880C835DAED2D8FFCB91D56C833AE5240D3AA5B918398263195"
deps = { MoveStdlib = "MoveStdlib" }

[pinned.mainnet.aida]
source = { local = "sources_deps/aida" }
use_environment = "mainnet"
manifest_digest = "EC6E90369603CE16A65E2F7B784DCFCA80948E3C176AD82DC6EB101BAA942A89"
deps = { Sui = "Sui" }

[pinned.mainnet.moonbags_aida]
source = { root = true }
use_environment = "mainnet"
manifest_digest = "9BC33404708973F3265F0AD2B9ADC38E6762DEAFF9B092FF409B8F66663C926C"
deps = { Sui = "Sui", aida = "aida" }
